
Microsoft Visual Studio Solution File, Format Version 12.00
# Visual Studio Version 17
VisualStudioVersion = 17.1.32328.378
MinimumVisualStudioVersion = 10.0.40219.1
Project("{9A19103F-16F7-4668-BE54-9A1E7A4F7556}") = "Luo.Core.Api", "Luo.Core.Api\Luo.Core.Api.csproj", "{F8EC54C4-395E-4EF5-ABF5-CA887DF69F43}"
EndProject
Project("{2150E333-8FDC-42A3-9474-1A3956D46DE8}") = "1-展示层(Presentation)", "1-展示层(Presentation)", "{A6538087-0123-426D-A48C-2DE96C628777}"
EndProject
Project("{2150E333-8FDC-42A3-9474-1A3956D46DE8}") = "2-服务层(Service)", "2-服务层(Service)", "{FA72DAFC-3A5E-4DD7-B99E-9EC75322D6E3}"
EndProject
Project("{2150E333-8FDC-42A3-9474-1A3956D46DE8}") = "3-仓储层(Repository)", "3-仓储层(Repository)", "{DA14A997-1321-43EE-9CEB-70C4807E90EA}"
EndProject
Project("{2150E333-8FDC-42A3-9474-1A3956D46DE8}") = "4-基础设施层(Infrastructure)", "4-基础设施层(Infrastructure)", "{F12C2A14-A21E-4636-9FB7-716D53151FEE}"
EndProject
Project("{2150E333-8FDC-42A3-9474-1A3956D46DE8}") = "5-模型数据层(ModelData)", "5-模型数据层(ModelData)", "{25C7FDC4-1AD7-4EF7-805D-38042EC7DBF8}"
EndProject
Project("{9A19103F-16F7-4668-BE54-9A1E7A4F7556}") = "Luo.Core.Models", "Luo.Core.Models\Luo.Core.Models.csproj", "{B8472608-A9FE-4E3D-B7FC-918CBC06BC24}"
EndProject
Project("{9A19103F-16F7-4668-BE54-9A1E7A4F7556}") = "Luo.Core.Repository", "Luo.Core.Repository\Luo.Core.Repository.csproj", "{6EA1B64A-F777-4886-BE13-363B39F4BDFB}"
EndProject
Project("{9A19103F-16F7-4668-BE54-9A1E7A4F7556}") = "Luo.Core.IRepository", "Luo.Core.IRepository\Luo.Core.IRepository.csproj", "{90CE0023-ECC1-49A7-AC31-5A77900B0539}"
EndProject
Project("{9A19103F-16F7-4668-BE54-9A1E7A4F7556}") = "Luo.Core.Services", "Luo.Core.Services\Luo.Core.Services.csproj", "{6C464030-418A-4F6E-A976-0F6072A9C9C4}"
EndProject
Project("{9A19103F-16F7-4668-BE54-9A1E7A4F7556}") = "Luo.Core.IServices", "Luo.Core.IServices\Luo.Core.IServices.csproj", "{FD4C7F8B-CF11-4C5D-AAF9-99A0E8A998E4}"
EndProject
Project("{9A19103F-16F7-4668-BE54-9A1E7A4F7556}") = "Luo.Core.Utility", "Luo.Core.Utility\Luo.Core.Utility.csproj", "{32F7086F-6199-4C0C-966F-C8A7DA8AC71B}"
EndProject
Project("{9A19103F-16F7-4668-BE54-9A1E7A4F7556}") = "Luo.Core.DatabaseEntity", "Luo.Core.DatabaseEntity\Luo.Core.DatabaseEntity.csproj", "{EFA0B028-0B39-4BD0-B590-421AEEF7832F}"
EndProject
Project("{9A19103F-16F7-4668-BE54-9A1E7A4F7556}") = "Luo.Core.DatabaseFactory", "Luo.Core.DatabaseFactory\Luo.Core.DatabaseFactory.csproj", "{B20871EA-E8A1-4416-AE57-4592BC55A1E0}"
EndProject
Project("{9A19103F-16F7-4668-BE54-9A1E7A4F7556}") = "Luo.Core.Common", "Luo.Core.Common\Luo.Core.Common.csproj", "{2A5E5530-FDF0-4826-9BF3-B274C6F9A027}"
EndProject
Project("{2150E333-8FDC-42A3-9474-1A3956D46DE8}") = "SolutionItems", "SolutionItems", "{950440DB-9EC2-48B5-A504-DA04F4E9FCE0}"
	ProjectSection(SolutionItems) = preProject
		README.md = README.md
	EndProjectSection
EndProject
Project("{9A19103F-16F7-4668-BE54-9A1E7A4F7556}") = "SqlSugar", "SqlSugar\SqlSugar.csproj", "{43394879-27DB-499A-8B36-120A2EBA3F4D}"
EndProject
Project("{9A19103F-16F7-4668-BE54-9A1E7A4F7556}") = "Luo.Core.EnumModels", "Luo.Core.EnumModels\Luo.Core.EnumModels.csproj", "{D5DD7F03-A7B5-4E49-980F-A40594CBCC2B}"
EndProject
Project("{9A19103F-16F7-4668-BE54-9A1E7A4F7556}") = "Luo.Core.LayuiAdmin", "Luo.Core.LayuiAdmin\Luo.Core.LayuiAdmin.csproj", "{BA750598-2C42-4FAF-905D-F6727B0985DC}"
EndProject
Project("{9A19103F-16F7-4668-BE54-9A1E7A4F7556}") = "Luo.Core.FiltersExtend", "Luo.Core.FiltersExtend\Luo.Core.FiltersExtend.csproj", "{258F85FB-0321-4992-9664-608DCB399881}"
EndProject
Project("{9A19103F-16F7-4668-BE54-9A1E7A4F7556}") = "Luo.Core.BlazorWebAssembly", "Luo.Core.BlazorWebAssembly\Luo.Core.BlazorWebAssembly.csproj", "{56583CF5-10FE-42D0-9F6F-E2FBA5067BAE}"
EndProject
Project("{9092AA53-FB77-4645-B42D-1CCCA6BD08BD}") = "Luo.Core.Vue", "Luo.Core.Vue\Luo.Core.Vue.njsproj", "{33EF6C25-A7A5-4EE5-9D92-795A84DEEC2C}"
EndProject
Global
	GlobalSection(SolutionConfigurationPlatforms) = preSolution
		Debug|Any CPU = Debug|Any CPU
		Release|Any CPU = Release|Any CPU
	EndGlobalSection
	GlobalSection(ProjectConfigurationPlatforms) = postSolution
		{F8EC54C4-395E-4EF5-ABF5-CA887DF69F43}.Debug|Any CPU.ActiveCfg = Debug|Any CPU
		{F8EC54C4-395E-4EF5-ABF5-CA887DF69F43}.Debug|Any CPU.Build.0 = Debug|Any CPU
		{F8EC54C4-395E-4EF5-ABF5-CA887DF69F43}.Release|Any CPU.ActiveCfg = Release|Any CPU
		{F8EC54C4-395E-4EF5-ABF5-CA887DF69F43}.Release|Any CPU.Build.0 = Release|Any CPU
		{B8472608-A9FE-4E3D-B7FC-918CBC06BC24}.Debug|Any CPU.ActiveCfg = Debug|Any CPU
		{B8472608-A9FE-4E3D-B7FC-918CBC06BC24}.Debug|Any CPU.Build.0 = Debug|Any CPU
		{B8472608-A9FE-4E3D-B7FC-918CBC06BC24}.Release|Any CPU.ActiveCfg = Release|Any CPU
		{B8472608-A9FE-4E3D-B7FC-918CBC06BC24}.Release|Any CPU.Build.0 = Release|Any CPU
		{6EA1B64A-F777-4886-BE13-363B39F4BDFB}.Debug|Any CPU.ActiveCfg = Debug|Any CPU
		{6EA1B64A-F777-4886-BE13-363B39F4BDFB}.Debug|Any CPU.Build.0 = Debug|Any CPU
		{6EA1B64A-F777-4886-BE13-363B39F4BDFB}.Release|Any CPU.ActiveCfg = Release|Any CPU
		{6EA1B64A-F777-4886-BE13-363B39F4BDFB}.Release|Any CPU.Build.0 = Release|Any CPU
		{90CE0023-ECC1-49A7-AC31-5A77900B0539}.Debug|Any CPU.ActiveCfg = Debug|Any CPU
		{90CE0023-ECC1-49A7-AC31-5A77900B0539}.Debug|Any CPU.Build.0 = Debug|Any CPU
		{90CE0023-ECC1-49A7-AC31-5A77900B0539}.Release|Any CPU.ActiveCfg = Release|Any CPU
		{90CE0023-ECC1-49A7-AC31-5A77900B0539}.Release|Any CPU.Build.0 = Release|Any CPU
		{6C464030-418A-4F6E-A976-0F6072A9C9C4}.Debug|Any CPU.ActiveCfg = Debug|Any CPU
		{6C464030-418A-4F6E-A976-0F6072A9C9C4}.Debug|Any CPU.Build.0 = Debug|Any CPU
		{6C464030-418A-4F6E-A976-0F6072A9C9C4}.Release|Any CPU.ActiveCfg = Release|Any CPU
		{6C464030-418A-4F6E-A976-0F6072A9C9C4}.Release|Any CPU.Build.0 = Release|Any CPU
		{FD4C7F8B-CF11-4C5D-AAF9-99A0E8A998E4}.Debug|Any CPU.ActiveCfg = Debug|Any CPU
		{FD4C7F8B-CF11-4C5D-AAF9-99A0E8A998E4}.Debug|Any CPU.Build.0 = Debug|Any CPU
		{FD4C7F8B-CF11-4C5D-AAF9-99A0E8A998E4}.Release|Any CPU.ActiveCfg = Release|Any CPU
		{FD4C7F8B-CF11-4C5D-AAF9-99A0E8A998E4}.Release|Any CPU.Build.0 = Release|Any CPU
		{32F7086F-6199-4C0C-966F-C8A7DA8AC71B}.Debug|Any CPU.ActiveCfg = Debug|Any CPU
		{32F7086F-6199-4C0C-966F-C8A7DA8AC71B}.Debug|Any CPU.Build.0 = Debug|Any CPU
		{32F7086F-6199-4C0C-966F-C8A7DA8AC71B}.Release|Any CPU.ActiveCfg = Release|Any CPU
		{32F7086F-6199-4C0C-966F-C8A7DA8AC71B}.Release|Any CPU.Build.0 = Release|Any CPU
		{EFA0B028-0B39-4BD0-B590-421AEEF7832F}.Debug|Any CPU.ActiveCfg = Debug|Any CPU
		{EFA0B028-0B39-4BD0-B590-421AEEF7832F}.Debug|Any CPU.Build.0 = Debug|Any CPU
		{EFA0B028-0B39-4BD0-B590-421AEEF7832F}.Release|Any CPU.ActiveCfg = Release|Any CPU
		{EFA0B028-0B39-4BD0-B590-421AEEF7832F}.Release|Any CPU.Build.0 = Release|Any CPU
		{B20871EA-E8A1-4416-AE57-4592BC55A1E0}.Debug|Any CPU.ActiveCfg = Debug|Any CPU
		{B20871EA-E8A1-4416-AE57-4592BC55A1E0}.Debug|Any CPU.Build.0 = Debug|Any CPU
		{B20871EA-E8A1-4416-AE57-4592BC55A1E0}.Release|Any CPU.ActiveCfg = Release|Any CPU
		{B20871EA-E8A1-4416-AE57-4592BC55A1E0}.Release|Any CPU.Build.0 = Release|Any CPU
		{2A5E5530-FDF0-4826-9BF3-B274C6F9A027}.Debug|Any CPU.ActiveCfg = Debug|Any CPU
		{2A5E5530-FDF0-4826-9BF3-B274C6F9A027}.Debug|Any CPU.Build.0 = Debug|Any CPU
		{2A5E5530-FDF0-4826-9BF3-B274C6F9A027}.Release|Any CPU.ActiveCfg = Release|Any CPU
		{2A5E5530-FDF0-4826-9BF3-B274C6F9A027}.Release|Any CPU.Build.0 = Release|Any CPU
		{43394879-27DB-499A-8B36-120A2EBA3F4D}.Debug|Any CPU.ActiveCfg = Debug|Any CPU
		{43394879-27DB-499A-8B36-120A2EBA3F4D}.Debug|Any CPU.Build.0 = Debug|Any CPU
		{43394879-27DB-499A-8B36-120A2EBA3F4D}.Release|Any CPU.ActiveCfg = Release|Any CPU
		{43394879-27DB-499A-8B36-120A2EBA3F4D}.Release|Any CPU.Build.0 = Release|Any CPU
		{D5DD7F03-A7B5-4E49-980F-A40594CBCC2B}.Debug|Any CPU.ActiveCfg = Debug|Any CPU
		{D5DD7F03-A7B5-4E49-980F-A40594CBCC2B}.Debug|Any CPU.Build.0 = Debug|Any CPU
		{D5DD7F03-A7B5-4E49-980F-A40594CBCC2B}.Release|Any CPU.ActiveCfg = Release|Any CPU
		{D5DD7F03-A7B5-4E49-980F-A40594CBCC2B}.Release|Any CPU.Build.0 = Release|Any CPU
		{BA750598-2C42-4FAF-905D-F6727B0985DC}.Debug|Any CPU.ActiveCfg = Debug|Any CPU
		{BA750598-2C42-4FAF-905D-F6727B0985DC}.Debug|Any CPU.Build.0 = Debug|Any CPU
		{BA750598-2C42-4FAF-905D-F6727B0985DC}.Release|Any CPU.ActiveCfg = Release|Any CPU
		{BA750598-2C42-4FAF-905D-F6727B0985DC}.Release|Any CPU.Build.0 = Release|Any CPU
		{258F85FB-0321-4992-9664-608DCB399881}.Debug|Any CPU.ActiveCfg = Debug|Any CPU
		{258F85FB-0321-4992-9664-608DCB399881}.Debug|Any CPU.Build.0 = Debug|Any CPU
		{258F85FB-0321-4992-9664-608DCB399881}.Release|Any CPU.ActiveCfg = Release|Any CPU
		{258F85FB-0321-4992-9664-608DCB399881}.Release|Any CPU.Build.0 = Release|Any CPU
		{56583CF5-10FE-42D0-9F6F-E2FBA5067BAE}.Debug|Any CPU.ActiveCfg = Debug|Any CPU
		{56583CF5-10FE-42D0-9F6F-E2FBA5067BAE}.Debug|Any CPU.Build.0 = Debug|Any CPU
		{56583CF5-10FE-42D0-9F6F-E2FBA5067BAE}.Release|Any CPU.ActiveCfg = Release|Any CPU
		{56583CF5-10FE-42D0-9F6F-E2FBA5067BAE}.Release|Any CPU.Build.0 = Release|Any CPU
		{33EF6C25-A7A5-4EE5-9D92-795A84DEEC2C}.Debug|Any CPU.ActiveCfg = Debug|Any CPU
		{33EF6C25-A7A5-4EE5-9D92-795A84DEEC2C}.Debug|Any CPU.Build.0 = Debug|Any CPU
		{33EF6C25-A7A5-4EE5-9D92-795A84DEEC2C}.Release|Any CPU.ActiveCfg = Release|Any CPU
		{33EF6C25-A7A5-4EE5-9D92-795A84DEEC2C}.Release|Any CPU.Build.0 = Release|Any CPU
	EndGlobalSection
	GlobalSection(SolutionProperties) = preSolution
		HideSolutionNode = FALSE
	EndGlobalSection
	GlobalSection(NestedProjects) = preSolution
		{F8EC54C4-395E-4EF5-ABF5-CA887DF69F43} = {A6538087-0123-426D-A48C-2DE96C628777}
		{B8472608-A9FE-4E3D-B7FC-918CBC06BC24} = {25C7FDC4-1AD7-4EF7-805D-38042EC7DBF8}
		{6EA1B64A-F777-4886-BE13-363B39F4BDFB} = {DA14A997-1321-43EE-9CEB-70C4807E90EA}
		{90CE0023-ECC1-49A7-AC31-5A77900B0539} = {DA14A997-1321-43EE-9CEB-70C4807E90EA}
		{6C464030-418A-4F6E-A976-0F6072A9C9C4} = {FA72DAFC-3A5E-4DD7-B99E-9EC75322D6E3}
		{FD4C7F8B-CF11-4C5D-AAF9-99A0E8A998E4} = {FA72DAFC-3A5E-4DD7-B99E-9EC75322D6E3}
		{32F7086F-6199-4C0C-966F-C8A7DA8AC71B} = {F12C2A14-A21E-4636-9FB7-716D53151FEE}
		{EFA0B028-0B39-4BD0-B590-421AEEF7832F} = {25C7FDC4-1AD7-4EF7-805D-38042EC7DBF8}
		{B20871EA-E8A1-4416-AE57-4592BC55A1E0} = {F12C2A14-A21E-4636-9FB7-716D53151FEE}
		{2A5E5530-FDF0-4826-9BF3-B274C6F9A027} = {F12C2A14-A21E-4636-9FB7-716D53151FEE}
		{43394879-27DB-499A-8B36-120A2EBA3F4D} = {F12C2A14-A21E-4636-9FB7-716D53151FEE}
		{D5DD7F03-A7B5-4E49-980F-A40594CBCC2B} = {25C7FDC4-1AD7-4EF7-805D-38042EC7DBF8}
		{BA750598-2C42-4FAF-905D-F6727B0985DC} = {A6538087-0123-426D-A48C-2DE96C628777}
		{258F85FB-0321-4992-9664-608DCB399881} = {F12C2A14-A21E-4636-9FB7-716D53151FEE}
		{56583CF5-10FE-42D0-9F6F-E2FBA5067BAE} = {A6538087-0123-426D-A48C-2DE96C628777}
		{33EF6C25-A7A5-4EE5-9D92-795A84DEEC2C} = {A6538087-0123-426D-A48C-2DE96C628777}
	EndGlobalSection
	GlobalSection(ExtensibilityGlobals) = postSolution
		SolutionGuid = {C5C35DD9-1130-49FF-87A4-38A0AF1C1785}
	EndGlobalSection
EndGlobal
